
Microsoft Visual Studio Solution File, Format Version 12.00
# Visual Studio Version 17
VisualStudioVersion = 17.10.35004.147
MinimumVisualStudioVersion = 10.0.40219.1
Project("{FAE04EC0-301F-11D3-BF4B-00C04F79EFBC}") = "ThreadedProject2", "ThreadedProject2\ThreadedProject2.csproj", "{0104AA9C-F40D-4ACE-AA58-E082410A7882}"
EndProject
Global
	GlobalSection(SolutionConfigurationPlatforms) = preSolution
		Debug|Any CPU = Debug|Any CPU
		Release|Any CPU = Release|Any CPU
	EndGlobalSection
	GlobalSection(ProjectConfigurationPlatforms) = postSolution
		{0104AA9C-F40D-4ACE-AA58-E082410A7882}.Debug|Any CPU.ActiveCfg = Debug|Any CPU
		{0104AA9C-F40D-4ACE-AA58-E082410A7882}.Debug|Any CPU.Build.0 = Debug|Any CPU
		{0104AA9C-F40D-4ACE-AA58-E082410A7882}.Release|Any CPU.ActiveCfg = Release|Any CPU
		{0104AA9C-F40D-4ACE-AA58-E082410A7882}.Release|Any CPU.Build.0 = Release|Any CPU
	EndGlobalSection
	GlobalSection(SolutionProperties) = preSolution
		HideSolutionNode = FALSE
	EndGlobalSection
	GlobalSection(ExtensibilityGlobals) = postSolution
		SolutionGuid = {8BF628EE-B2FA-4AE8-8B18-F37B686A741F}
	EndGlobalSection
EndGlobal
